PODS:
  - Flutter (1.0.0)
  - wannatalkcore (0.0.19):
    - Flutter
    - WTExternalSDK (= 1.7.6)
  - WTExternalSDK (1.7.6)

DEPENDENCIES:
  - Flutter (from `Flutter`)
  - wannatalkcore (from `.symlinks/plugins/wannatalkcore/ios`)
  - WTExternalSDK (from `https://github.com/edzehoo/WannatalkAPI-iOS.git`, tag `1.7.6`)

EXTERNAL SOURCES:
  Flutter:
    :path: Flutter
  wannatalkcore:
    :path: ".symlinks/plugins/wannatalkcore/ios"
  WTExternalSDK:
    :git: https://github.com/edzehoo/WannatalkAPI-iOS.git
    :tag: 1.7.6

CHECKOUT OPTIONS:
  WTExternalSDK:
    :git: https://github.com/edzehoo/WannatalkAPI-iOS.git
    :tag: 1.7.6

SPEC CHECKSUMS:
  Flutter: 50d75fe2f02b26cc09d224853bb45737f8b3214a
  wannatalkcore: aea388841dc890e600ad1ae2d87c63dc2631f39a
  WTExternalSDK: 9f540388b0c3a37d58a738d0abfd5a11b9f869ff

PODFILE CHECKSUM: 8b68308388270aa7cefbff06f39fbf823f4aed75

COCOAPODS: 1.11.2
