PODS:
  - Flutter (1.0.0)
  - wannatalkcore (0.0.13):
    - Flutter
    - WTExternalSDK (= 1.7.0)
  - WTExternalSDK (1.7.0)

DEPENDENCIES:
  - Flutter (from `Flutter`)
  - wannatalkcore (from `.symlinks/plugins/wannatalkcore/ios`)
  - WTExternalSDK (from `https://github.com/edzehoo/WannatalkAPI-iOS.git`, tag `1.7.0`)

EXTERNAL SOURCES:
  Flutter:
    :path: Flutter
  wannatalkcore:
    :path: ".symlinks/plugins/wannatalkcore/ios"
  WTExternalSDK:
    :git: https://github.com/edzehoo/WannatalkAPI-iOS.git
    :tag: 1.7.0

CHECKOUT OPTIONS:
  WTExternalSDK:
    :git: https://github.com/edzehoo/WannatalkAPI-iOS.git
    :tag: 1.7.0

SPEC CHECKSUMS:
  Flutter: 50d75fe2f02b26cc09d224853bb45737f8b3214a
  wannatalkcore: edd8226cf00c5bb55176b26cef9e44d127376334
  WTExternalSDK: e0d1693f61bb809cccb94065cb9612455f84139f

PODFILE CHECKSUM: e1310e6809748dce0529a1c570cfe5961b9c7632

COCOAPODS: 1.11.2
