PODS:
  - Flutter (1.0.0)
  - wannatalkcore (0.0.24):
    - Flutter
    - WTExternalSDK (= 1.8.0)
  - WTExternalSDK (1.8.0)

DEPENDENCIES:
  - Flutter (from `Flutter`)
  - wannatalkcore (from `.symlinks/plugins/wannatalkcore/ios`)
  - WTExternalSDK (from `https://github.com/edzehoo/WannatalkAPI-iOS.git`, tag `1.8.0`)

EXTERNAL SOURCES:
  Flutter:
    :path: Flutter
  wannatalkcore:
    :path: ".symlinks/plugins/wannatalkcore/ios"
  WTExternalSDK:
    :git: https://github.com/edzehoo/WannatalkAPI-iOS.git
    :tag: 1.8.0

CHECKOUT OPTIONS:
  WTExternalSDK:
    :git: https://github.com/edzehoo/WannatalkAPI-iOS.git
    :tag: 1.8.0

SPEC CHECKSUMS:
  Flutter: 50d75fe2f02b26cc09d224853bb45737f8b3214a
  wannatalkcore: e72893525f6899fba7b193e309178f5e5e34a308
  WTExternalSDK: 72b0512b8a7888527f24506a53e6db55e54b2514

PODFILE CHECKSUM: 3e1d4d8403f109d35ed1a4ab74bbe1ed3595f45c

COCOAPODS: 1.11.2
